
Microsoft Visual Studio Solution File, Format Version 12.00
# Visual Studio Version 17
VisualStudioVersion = 17.5.002.0
MinimumVisualStudioVersion = 10.0.40219.1
Project("{2150E333-8FDC-42A3-9474-1A3956D46DE8}") = "csharp-prep", "csharp-prep", "{E0F191F2-9368-43DA-8F9E-9B6035F909E9}"
EndProject
Project("{9A19103F-16F7-4668-BE54-9A1E7A4F7556}") = "Prep1", "csharp-prep\Prep1\Prep1.csproj", "{95A25565-61A6-4089-8B22-5C7C12019C02}"
EndProject
Project("{9A19103F-16F7-4668-BE54-9A1E7A4F7556}") = "Prep2", "csharp-prep\Prep2\Prep2.csproj", "{F2AF276D-A096-4D1B-8D27-F58FED30256C}"
EndProject
Project("{9A19103F-16F7-4668-BE54-9A1E7A4F7556}") = "Prep3", "csharp-prep\Prep3\Prep3.csproj", "{79B5D271-08FC-47EB-AE22-0E0F8D6F63E2}"
EndProject
Project("{9A19103F-16F7-4668-BE54-9A1E7A4F7556}") = "Prep4", "csharp-prep\Prep4\Prep4.csproj", "{276CB0D8-40D5-4C83-9586-F64319C68065}"
EndProject
Project("{9A19103F-16F7-4668-BE54-9A1E7A4F7556}") = "Prep5", "csharp-prep\Prep5\Prep5.csproj", "{8508F75C-F75C-421F-9331-4297FFBD3B9F}"
EndProject
Project("{2150E333-8FDC-42A3-9474-1A3956D46DE8}") = "final", "final", "{A46F7343-DAA0-4C76-BA60-920B0C9B270A}"
EndProject
Project("{9A19103F-16F7-4668-BE54-9A1E7A4F7556}") = "FinalProject", "final\FinalProject\FinalProject.csproj", "{296507BC-6267-406D-8526-E6ABEFF84D86}"
EndProject
Project("{9A19103F-16F7-4668-BE54-9A1E7A4F7556}") = "Foundation1", "final\Foundation1\Foundation1.csproj", "{BA566F52-8B95-4207-8E53-B6706D21B535}"
EndProject
Project("{9A19103F-16F7-4668-BE54-9A1E7A4F7556}") = "Foundation2", "final\Foundation2\Foundation2.csproj", "{8A36D836-BA18-4DF7-8A1D-D022707BC15C}"
EndProject
Project("{9A19103F-16F7-4668-BE54-9A1E7A4F7556}") = "Foundation3", "final\Foundation3\Foundation3.csproj", "{F3338825-FCA0-49E4-98F9-DCBCEE4A9B44}"
EndProject
Project("{9A19103F-16F7-4668-BE54-9A1E7A4F7556}") = "Foundation4", "final\Foundation4\Foundation4.csproj", "{52E6E755-CD26-4666-803C-C6E1148547AB}"
EndProject
Project("{2150E333-8FDC-42A3-9474-1A3956D46DE8}") = "prepare", "prepare", "{54758795-6D5C-431C-A31B-A27C0B521E46}"
EndProject
Project("{9A19103F-16F7-4668-BE54-9A1E7A4F7556}") = "Learning02", "prepare\Learning02\Learning02.csproj", "{1E4061BB-5CCB-4D45-AA63-D21A52A54136}"
EndProject
Project("{9A19103F-16F7-4668-BE54-9A1E7A4F7556}") = "Learning03", "prepare\Learning03\Learning03.csproj", "{04BE8721-6897-44E8-AB37-19CBD6711E5A}"
EndProject
Project("{9A19103F-16F7-4668-BE54-9A1E7A4F7556}") = "Learning04", "prepare\Learning04\Learning04.csproj", "{20D36A40-D863-4CCF-B6B5-B0B15E175015}"
EndProject
Project("{9A19103F-16F7-4668-BE54-9A1E7A4F7556}") = "Learning05", "prepare\Learning05\Learning05.csproj", "{5C67A0E9-9A13-4CB1-B920-98D71049B196}"
EndProject
Project("{2150E333-8FDC-42A3-9474-1A3956D46DE8}") = "prove", "prove", "{626C823C-9008-475E-AE41-9E8FA741AE44}"
EndProject
Project("{9A19103F-16F7-4668-BE54-9A1E7A4F7556}") = "Develop02", "prove\Develop02\Develop02.csproj", "{42F38A7A-9950-4A22-9ABC-1B89C69767FA}"
EndProject
Project("{9A19103F-16F7-4668-BE54-9A1E7A4F7556}") = "Develop03", "prove\Develop03\Develop03.csproj", "{62722508-1C38-4790-A71E-0A7740FF9C2F}"
EndProject
Project("{9A19103F-16F7-4668-BE54-9A1E7A4F7556}") = "Develop04", "prove\Develop04\Develop04.csproj", "{068B5CEB-C99B-4C3D-8956-C85B6D800E47}"
EndProject
Project("{9A19103F-16F7-4668-BE54-9A1E7A4F7556}") = "Develop05", "prove\Develop05\Develop05.csproj", "{325C8B39-D385-48C4-B58B-151F821DA4F4}"
EndProject
Project("{2150E333-8FDC-42A3-9474-1A3956D46DE8}") = "sandbox", "sandbox", "{3C71B09E-1C74-413A-BA69-4BBE1C7E0065}"
EndProject
Project("{9A19103F-16F7-4668-BE54-9A1E7A4F7556}") = "Sandbox", "sandbox\Sandbox\Sandbox.csproj", "{98BA7A48-AAAD-4B58-B8A8-221E69259C72}"
EndProject
Global
	GlobalSection(SolutionConfigurationPlatforms) = preSolution
		Debug|Any CPU = Debug|Any CPU
		Release|Any CPU = Release|Any CPU
	EndGlobalSection
	GlobalSection(ProjectConfigurationPlatforms) = postSolution
		{95A25565-61A6-4089-8B22-5C7C12019C02}.Debug|Any CPU.ActiveCfg = Debug|Any CPU
		{95A25565-61A6-4089-8B22-5C7C12019C02}.Debug|Any CPU.Build.0 = Debug|Any CPU
		{95A25565-61A6-4089-8B22-5C7C12019C02}.Release|Any CPU.ActiveCfg = Release|Any CPU
		{95A25565-61A6-4089-8B22-5C7C12019C02}.Release|Any CPU.Build.0 = Release|Any CPU
		{F2AF276D-A096-4D1B-8D27-F58FED30256C}.Debug|Any CPU.ActiveCfg = Debug|Any CPU
		{F2AF276D-A096-4D1B-8D27-F58FED30256C}.Debug|Any CPU.Build.0 = Debug|Any CPU
		{F2AF276D-A096-4D1B-8D27-F58FED30256C}.Release|Any CPU.ActiveCfg = Release|Any CPU
		{F2AF276D-A096-4D1B-8D27-F58FED30256C}.Release|Any CPU.Build.0 = Release|Any CPU
		{79B5D271-08FC-47EB-AE22-0E0F8D6F63E2}.Debug|Any CPU.ActiveCfg = Debug|Any CPU
		{79B5D271-08FC-47EB-AE22-0E0F8D6F63E2}.Debug|Any CPU.Build.0 = Debug|Any CPU
		{79B5D271-08FC-47EB-AE22-0E0F8D6F63E2}.Release|Any CPU.ActiveCfg = Release|Any CPU
		{79B5D271-08FC-47EB-AE22-0E0F8D6F63E2}.Release|Any CPU.Build.0 = Release|Any CPU
		{276CB0D8-40D5-4C83-9586-F64319C68065}.Debug|Any CPU.ActiveCfg = Debug|Any CPU
		{276CB0D8-40D5-4C83-9586-F64319C68065}.Debug|Any CPU.Build.0 = Debug|Any CPU
		{276CB0D8-40D5-4C83-9586-F64319C68065}.Release|Any CPU.ActiveCfg = Release|Any CPU
		{276CB0D8-40D5-4C83-9586-F64319C68065}.Release|Any CPU.Build.0 = Release|Any CPU
		{8508F75C-F75C-421F-9331-4297FFBD3B9F}.Debug|Any CPU.ActiveCfg = Debug|Any CPU
		{8508F75C-F75C-421F-9331-4297FFBD3B9F}.Debug|Any CPU.Build.0 = Debug|Any CPU
		{8508F75C-F75C-421F-9331-4297FFBD3B9F}.Release|Any CPU.ActiveCfg = Release|Any CPU
		{8508F75C-F75C-421F-9331-4297FFBD3B9F}.Release|Any CPU.Build.0 = Release|Any CPU
		{296507BC-6267-406D-8526-E6ABEFF84D86}.Debug|Any CPU.ActiveCfg = Debug|Any CPU
		{296507BC-6267-406D-8526-E6ABEFF84D86}.Debug|Any CPU.Build.0 = Debug|Any CPU
		{296507BC-6267-406D-8526-E6ABEFF84D86}.Release|Any CPU.ActiveCfg = Release|Any CPU
		{296507BC-6267-406D-8526-E6ABEFF84D86}.Release|Any CPU.Build.0 = Release|Any CPU
		{BA566F52-8B95-4207-8E53-B6706D21B535}.Debug|Any CPU.ActiveCfg = Debug|Any CPU
		{BA566F52-8B95-4207-8E53-B6706D21B535}.Debug|Any CPU.Build.0 = Debug|Any CPU
		{BA566F52-8B95-4207-8E53-B6706D21B535}.Release|Any CPU.ActiveCfg = Release|Any CPU
		{BA566F52-8B95-4207-8E53-B6706D21B535}.Release|Any CPU.Build.0 = Release|Any CPU
		{8A36D836-BA18-4DF7-8A1D-D022707BC15C}.Debug|Any CPU.ActiveCfg = Debug|Any CPU
		{8A36D836-BA18-4DF7-8A1D-D022707BC15C}.Debug|Any CPU.Build.0 = Debug|Any CPU
		{8A36D836-BA18-4DF7-8A1D-D022707BC15C}.Release|Any CPU.ActiveCfg = Release|Any CPU
		{8A36D836-BA18-4DF7-8A1D-D022707BC15C}.Release|Any CPU.Build.0 = Release|Any CPU
		{F3338825-FCA0-49E4-98F9-DCBCEE4A9B44}.Debug|Any CPU.ActiveCfg = Debug|Any CPU
		{F3338825-FCA0-49E4-98F9-DCBCEE4A9B44}.Debug|Any CPU.Build.0 = Debug|Any CPU
		{F3338825-FCA0-49E4-98F9-DCBCEE4A9B44}.Release|Any CPU.ActiveCfg = Release|Any CPU
		{F3338825-FCA0-49E4-98F9-DCBCEE4A9B44}.Release|Any CPU.Build.0 = Release|Any CPU
		{52E6E755-CD26-4666-803C-C6E1148547AB}.Debug|Any CPU.ActiveCfg = Debug|Any CPU
		{52E6E755-CD26-4666-803C-C6E1148547AB}.Debug|Any CPU.Build.0 = Debug|Any CPU
		{52E6E755-CD26-4666-803C-C6E1148547AB}.Release|Any CPU.ActiveCfg = Release|Any CPU
		{52E6E755-CD26-4666-803C-C6E1148547AB}.Release|Any CPU.Build.0 = Release|Any CPU
		{1E4061BB-5CCB-4D45-AA63-D21A52A54136}.Debug|Any CPU.ActiveCfg = Debug|Any CPU
		{1E4061BB-5CCB-4D45-AA63-D21A52A54136}.Debug|Any CPU.Build.0 = Debug|Any CPU
		{1E4061BB-5CCB-4D45-AA63-D21A52A54136}.Release|Any CPU.ActiveCfg = Release|Any CPU
		{1E4061BB-5CCB-4D45-AA63-D21A52A54136}.Release|Any CPU.Build.0 = Release|Any CPU
		{04BE8721-6897-44E8-AB37-19CBD6711E5A}.Debug|Any CPU.ActiveCfg = Debug|Any CPU
		{04BE8721-6897-44E8-AB37-19CBD6711E5A}.Debug|Any CPU.Build.0 = Debug|Any CPU
		{04BE8721-6897-44E8-AB37-19CBD6711E5A}.Release|Any CPU.ActiveCfg = Release|Any CPU
		{04BE8721-6897-44E8-AB37-19CBD6711E5A}.Release|Any CPU.Build.0 = Release|Any CPU
		{20D36A40-D863-4CCF-B6B5-B0B15E175015}.Debug|Any CPU.ActiveCfg = Debug|Any CPU
		{20D36A40-D863-4CCF-B6B5-B0B15E175015}.Debug|Any CPU.Build.0 = Debug|Any CPU
		{20D36A40-D863-4CCF-B6B5-B0B15E175015}.Release|Any CPU.ActiveCfg = Release|Any CPU
		{20D36A40-D863-4CCF-B6B5-B0B15E175015}.Release|Any CPU.Build.0 = Release|Any CPU
		{5C67A0E9-9A13-4CB1-B920-98D71049B196}.Debug|Any CPU.ActiveCfg = Debug|Any CPU
		{5C67A0E9-9A13-4CB1-B920-98D71049B196}.Debug|Any CPU.Build.0 = Debug|Any CPU
		{5C67A0E9-9A13-4CB1-B920-98D71049B196}.Release|Any CPU.ActiveCfg = Release|Any CPU
		{5C67A0E9-9A13-4CB1-B920-98D71049B196}.Release|Any CPU.Build.0 = Release|Any CPU
		{42F38A7A-9950-4A22-9ABC-1B89C69767FA}.Debug|Any CPU.ActiveCfg = Debug|Any CPU
		{42F38A7A-9950-4A22-9ABC-1B89C69767FA}.Debug|Any CPU.Build.0 = Debug|Any CPU
		{42F38A7A-9950-4A22-9ABC-1B89C69767FA}.Release|Any CPU.ActiveCfg = Release|Any CPU
		{42F38A7A-9950-4A22-9ABC-1B89C69767FA}.Release|Any CPU.Build.0 = Release|Any CPU
		{62722508-1C38-4790-A71E-0A7740FF9C2F}.Debug|Any CPU.ActiveCfg = Debug|Any CPU
		{62722508-1C38-4790-A71E-0A7740FF9C2F}.Debug|Any CPU.Build.0 = Debug|Any CPU
		{62722508-1C38-4790-A71E-0A7740FF9C2F}.Release|Any CPU.ActiveCfg = Release|Any CPU
		{62722508-1C38-4790-A71E-0A7740FF9C2F}.Release|Any CPU.Build.0 = Release|Any CPU
		{068B5CEB-C99B-4C3D-8956-C85B6D800E47}.Debug|Any CPU.ActiveCfg = Debug|Any CPU
		{068B5CEB-C99B-4C3D-8956-C85B6D800E47}.Debug|Any CPU.Build.0 = Debug|Any CPU
		{068B5CEB-C99B-4C3D-8956-C85B6D800E47}.Release|Any CPU.ActiveCfg = Release|Any CPU
		{068B5CEB-C99B-4C3D-8956-C85B6D800E47}.Release|Any CPU.Build.0 = Release|Any CPU
		{325C8B39-D385-48C4-B58B-151F821DA4F4}.Debug|Any CPU.ActiveCfg = Debug|Any CPU
		{325C8B39-D385-48C4-B58B-151F821DA4F4}.Debug|Any CPU.Build.0 = Debug|Any CPU
		{325C8B39-D385-48C4-B58B-151F821DA4F4}.Release|Any CPU.ActiveCfg = Release|Any CPU
		{325C8B39-D385-48C4-B58B-151F821DA4F4}.Release|Any CPU.Build.0 = Release|Any CPU
		{98BA7A48-AAAD-4B58-B8A8-221E69259C72}.Debug|Any CPU.ActiveCfg = Debug|Any CPU
		{98BA7A48-AAAD-4B58-B8A8-221E69259C72}.Debug|Any CPU.Build.0 = Debug|Any CPU
		{98BA7A48-AAAD-4B58-B8A8-221E69259C72}.Release|Any CPU.ActiveCfg = Release|Any CPU
		{98BA7A48-AAAD-4B58-B8A8-221E69259C72}.Release|Any CPU.Build.0 = Release|Any CPU
	EndGlobalSection
	GlobalSection(SolutionProperties) = preSolution
		HideSolutionNode = FALSE
	EndGlobalSection
	GlobalSection(NestedProjects) = preSolution
		{95A25565-61A6-4089-8B22-5C7C12019C02} = {E0F191F2-9368-43DA-8F9E-9B6035F909E9}
		{F2AF276D-A096-4D1B-8D27-F58FED30256C} = {E0F191F2-9368-43DA-8F9E-9B6035F909E9}
		{79B5D271-08FC-47EB-AE22-0E0F8D6F63E2} = {E0F191F2-9368-43DA-8F9E-9B6035F909E9}
		{276CB0D8-40D5-4C83-9586-F64319C68065} = {E0F191F2-9368-43DA-8F9E-9B6035F909E9}
		{8508F75C-F75C-421F-9331-4297FFBD3B9F} = {E0F191F2-9368-43DA-8F9E-9B6035F909E9}
		{296507BC-6267-406D-8526-E6ABEFF84D86} = {A46F7343-DAA0-4C76-BA60-920B0C9B270A}
		{BA566F52-8B95-4207-8E53-B6706D21B535} = {A46F7343-DAA0-4C76-BA60-920B0C9B270A}
		{8A36D836-BA18-4DF7-8A1D-D022707BC15C} = {A46F7343-DAA0-4C76-BA60-920B0C9B270A}
		{F3338825-FCA0-49E4-98F9-DCBCEE4A9B44} = {A46F7343-DAA0-4C76-BA60-920B0C9B270A}
		{52E6E755-CD26-4666-803C-C6E1148547AB} = {A46F7343-DAA0-4C76-BA60-920B0C9B270A}
		{1E4061BB-5CCB-4D45-AA63-D21A52A54136} = {54758795-6D5C-431C-A31B-A27C0B521E46}
		{04BE8721-6897-44E8-AB37-19CBD6711E5A} = {54758795-6D5C-431C-A31B-A27C0B521E46}
		{20D36A40-D863-4CCF-B6B5-B0B15E175015} = {54758795-6D5C-431C-A31B-A27C0B521E46}
		{5C67A0E9-9A13-4CB1-B920-98D71049B196} = {54758795-6D5C-431C-A31B-A27C0B521E46}
		{42F38A7A-9950-4A22-9ABC-1B89C69767FA} = {626C823C-9008-475E-AE41-9E8FA741AE44}
		{62722508-1C38-4790-A71E-0A7740FF9C2F} = {626C823C-9008-475E-AE41-9E8FA741AE44}
		{068B5CEB-C99B-4C3D-8956-C85B6D800E47} = {626C823C-9008-475E-AE41-9E8FA741AE44}
		{325C8B39-D385-48C4-B58B-151F821DA4F4} = {626C823C-9008-475E-AE41-9E8FA741AE44}
		{98BA7A48-AAAD-4B58-B8A8-221E69259C72} = {3C71B09E-1C74-413A-BA69-4BBE1C7E0065}
	EndGlobalSection
	GlobalSection(ExtensibilityGlobals) = postSolution
		SolutionGuid = {8E8945C2-DDA2-422C-90DF-6094E6224AB2}
	EndGlobalSection
EndGlobal
